
Microsoft Visual Studio Solution File, Format Version 12.00
# Visual Studio Version 17
VisualStudioVersion = 17.0.32014.148
MinimumVisualStudioVersion = 10.0.40219.1
Project("{FAE04EC0-301F-11D3-BF4B-00C04F79EFBC}") = "WebApp", "WebApp.csproj", "{6697D1F3-0CB5-4913-92D1-FD32713ED59F}"
EndProject
Global
	GlobalSection(SolutionConfigurationPlatforms) = preSolution
		Debug|Any CPU = Debug|Any CPU
		Release|Any CPU = Release|Any CPU
	EndGlobalSection
	GlobalSection(ProjectConfigurationPlatforms) = postSolution
		{6697D1F3-0CB5-4913-92D1-FD32713ED59F}.Debug|Any CPU.ActiveCfg = Debug|Any CPU
		{6697D1F3-0CB5-4913-92D1-FD32713ED59F}.Debug|Any CPU.Build.0 = Debug|Any CPU
		{6697D1F3-0CB5-4913-92D1-FD32713ED59F}.Release|Any CPU.ActiveCfg = Release|Any CPU
		{6697D1F3-0CB5-4913-92D1-FD32713ED59F}.Release|Any CPU.Build.0 = Release|Any CPU
	EndGlobalSection
	GlobalSection(SolutionProperties) = preSolution
		HideSolutionNode = FALSE
	EndGlobalSection
	GlobalSection(ExtensibilityGlobals) = postSolution
		SolutionGuid = {B6FB99B3-C86D-487C-9880-CE875DE45ECC}
	EndGlobalSection
EndGlobal
